
Microsoft Visual Studio Solution File, Format Version 12.00
# Visual Studio Version 17
VisualStudioVersion = 17.0.31903.59
MinimumVisualStudioVersion = 10.0.40219.1
Project("{2150E333-8FDC-42A3-9474-1A3956D46DE8}") = "Infrastructure", "Infrastructure", "{E1AE9F0F-7B64-4375-9D06-57EC9BB0779B}"
EndProject
Project("{2150E333-8FDC-42A3-9474-1A3956D46DE8}") = "Presentation", "Presentation", "{BC1CCBAD-2294-49DB-B9DF-BA9476FD3755}"
EndProject
Project("{FAE04EC0-301F-11D3-BF4B-00C04F79EFBC}") = "GameSync.Models", "src\GameSync.Models\GameSync.Models.csproj", "{B45C602F-6159-45B8-B6CC-D9BD53A6DB4E}"
EndProject
Project("{FAE04EC0-301F-11D3-BF4B-00C04F79EFBC}") = "GameSync.Api.Integration", "src\GameSync.Api.Integration\GameSync.Api.Integration.csproj", "{49B2E3ED-E896-456C-98B2-3CE069ED6EFB}"
EndProject
Project("{FAE04EC0-301F-11D3-BF4B-00C04F79EFBC}") = "GameSync.UI", "src\GameSync.UI\GameSync.UI.csproj", "{D4B349CC-1286-4AC1-B458-4D957AC4C002}"
EndProject
Project("{2150E333-8FDC-42A3-9474-1A3956D46DE8}") = "Tests", "Tests", "{969A7BE0-044C-4614-BF09-0A7A16BCE6A3}"
EndProject
Project("{FAE04EC0-301F-11D3-BF4B-00C04F79EFBC}") = "GameSync.Models.Unit.Tests", "tests\GameSync.Models.Unit.Tests\GameSync.Models.Unit.Tests.csproj", "{E9FC12E4-DF30-42A3-9073-5B18BCE67E17}"
EndProject
Project("{FAE04EC0-301F-11D3-BF4B-00C04F79EFBC}") = "GameSync.UI.Unit.Tests", "tests\GameSync.UI.Unit.Tests\GameSync.UI.Unit.Tests.csproj", "{E6DD939D-DF97-43F5-A83F-8EFA8394348D}"
EndProject
Global
	GlobalSection(SolutionConfigurationPlatforms) = preSolution
		Debug|Any CPU = Debug|Any CPU
		Release|Any CPU = Release|Any CPU
	EndGlobalSection
	GlobalSection(ProjectConfigurationPlatforms) = postSolution
		{B45C602F-6159-45B8-B6CC-D9BD53A6DB4E}.Debug|Any CPU.ActiveCfg = Debug|Any CPU
		{B45C602F-6159-45B8-B6CC-D9BD53A6DB4E}.Debug|Any CPU.Build.0 = Debug|Any CPU
		{B45C602F-6159-45B8-B6CC-D9BD53A6DB4E}.Release|Any CPU.ActiveCfg = Release|Any CPU
		{B45C602F-6159-45B8-B6CC-D9BD53A6DB4E}.Release|Any CPU.Build.0 = Release|Any CPU
		{49B2E3ED-E896-456C-98B2-3CE069ED6EFB}.Debug|Any CPU.ActiveCfg = Debug|Any CPU
		{49B2E3ED-E896-456C-98B2-3CE069ED6EFB}.Debug|Any CPU.Build.0 = Debug|Any CPU
		{49B2E3ED-E896-456C-98B2-3CE069ED6EFB}.Release|Any CPU.ActiveCfg = Release|Any CPU
		{49B2E3ED-E896-456C-98B2-3CE069ED6EFB}.Release|Any CPU.Build.0 = Release|Any CPU
		{D4B349CC-1286-4AC1-B458-4D957AC4C002}.Debug|Any CPU.ActiveCfg = Debug|Any CPU
		{D4B349CC-1286-4AC1-B458-4D957AC4C002}.Debug|Any CPU.Build.0 = Debug|Any CPU
		{D4B349CC-1286-4AC1-B458-4D957AC4C002}.Release|Any CPU.ActiveCfg = Release|Any CPU
		{D4B349CC-1286-4AC1-B458-4D957AC4C002}.Release|Any CPU.Build.0 = Release|Any CPU
		{E9FC12E4-DF30-42A3-9073-5B18BCE67E17}.Debug|Any CPU.ActiveCfg = Debug|Any CPU
		{E9FC12E4-DF30-42A3-9073-5B18BCE67E17}.Debug|Any CPU.Build.0 = Debug|Any CPU
		{E9FC12E4-DF30-42A3-9073-5B18BCE67E17}.Release|Any CPU.ActiveCfg = Release|Any CPU
		{E9FC12E4-DF30-42A3-9073-5B18BCE67E17}.Release|Any CPU.Build.0 = Release|Any CPU
		{E6DD939D-DF97-43F5-A83F-8EFA8394348D}.Debug|Any CPU.ActiveCfg = Debug|Any CPU
		{E6DD939D-DF97-43F5-A83F-8EFA8394348D}.Debug|Any CPU.Build.0 = Debug|Any CPU
		{E6DD939D-DF97-43F5-A83F-8EFA8394348D}.Release|Any CPU.ActiveCfg = Release|Any CPU
		{E6DD939D-DF97-43F5-A83F-8EFA8394348D}.Release|Any CPU.Build.0 = Release|Any CPU
	EndGlobalSection
	GlobalSection(SolutionProperties) = preSolution
		HideSolutionNode = FALSE
	EndGlobalSection
	GlobalSection(NestedProjects) = preSolution
		{B45C602F-6159-45B8-B6CC-D9BD53A6DB4E} = {E1AE9F0F-7B64-4375-9D06-57EC9BB0779B}
		{49B2E3ED-E896-456C-98B2-3CE069ED6EFB} = {E1AE9F0F-7B64-4375-9D06-57EC9BB0779B}
		{D4B349CC-1286-4AC1-B458-4D957AC4C002} = {BC1CCBAD-2294-49DB-B9DF-BA9476FD3755}
		{E9FC12E4-DF30-42A3-9073-5B18BCE67E17} = {969A7BE0-044C-4614-BF09-0A7A16BCE6A3}
		{E6DD939D-DF97-43F5-A83F-8EFA8394348D} = {969A7BE0-044C-4614-BF09-0A7A16BCE6A3}
	EndGlobalSection
	GlobalSection(ExtensibilityGlobals) = postSolution
		SolutionGuid = {5BDBB159-C2CA-452F-9130-FFE215579CC7}
	EndGlobalSection
EndGlobal
